
Microsoft Visual Studio Solution File, Format Version 12.00
# Visual Studio 15
VisualStudioVersion = 15.0.28010.2050
MinimumVisualStudioVersion = 10.0.40219.1
Project("{FAE04EC0-301F-11D3-BF4B-00C04F79EFBC}") = "WpfApp1", "WpfApp1\WpfApp1.csproj", "{656F3CD4-F623-45D6-98F1-BC1052C7671B}"
EndProject
Project("{FAE04EC0-301F-11D3-BF4B-00C04F79EFBC}") = "TsNode", "TsNode\TsNode.csproj", "{7120B89A-F7F8-4A34-A048-E57B028F0D2A}"
EndProject
Project("{FAE04EC0-301F-11D3-BF4B-00C04F79EFBC}") = "TsCore", "TsCore\TsCore.csproj", "{063ACA49-2EDC-4FF3-9D4B-6CE9ED74CE37}"
EndProject
Project("{FAE04EC0-301F-11D3-BF4B-00C04F79EFBC}") = "TsProperty", "TsProperty\TsProperty.csproj", "{187F9734-9651-4CF6-AF96-5F4CCBB4688A}"
EndProject
Global
	GlobalSection(SolutionConfigurationPlatforms) = preSolution
		Debug|Any CPU = Debug|Any CPU
		Release|Any CPU = Release|Any CPU
	EndGlobalSection
	GlobalSection(ProjectConfigurationPlatforms) = postSolution
		{656F3CD4-F623-45D6-98F1-BC1052C7671B}.Debug|Any CPU.ActiveCfg = Debug|Any CPU
		{656F3CD4-F623-45D6-98F1-BC1052C7671B}.Debug|Any CPU.Build.0 = Debug|Any CPU
		{656F3CD4-F623-45D6-98F1-BC1052C7671B}.Release|Any CPU.ActiveCfg = Release|Any CPU
		{656F3CD4-F623-45D6-98F1-BC1052C7671B}.Release|Any CPU.Build.0 = Release|Any CPU
		{7120B89A-F7F8-4A34-A048-E57B028F0D2A}.Debug|Any CPU.ActiveCfg = Debug|Any CPU
		{7120B89A-F7F8-4A34-A048-E57B028F0D2A}.Debug|Any CPU.Build.0 = Debug|Any CPU
		{7120B89A-F7F8-4A34-A048-E57B028F0D2A}.Release|Any CPU.ActiveCfg = Release|Any CPU
		{7120B89A-F7F8-4A34-A048-E57B028F0D2A}.Release|Any CPU.Build.0 = Release|Any CPU
		{063ACA49-2EDC-4FF3-9D4B-6CE9ED74CE37}.Debug|Any CPU.ActiveCfg = Debug|Any CPU
		{063ACA49-2EDC-4FF3-9D4B-6CE9ED74CE37}.Debug|Any CPU.Build.0 = Debug|Any CPU
		{063ACA49-2EDC-4FF3-9D4B-6CE9ED74CE37}.Release|Any CPU.ActiveCfg = Release|Any CPU
		{063ACA49-2EDC-4FF3-9D4B-6CE9ED74CE37}.Release|Any CPU.Build.0 = Release|Any CPU
		{187F9734-9651-4CF6-AF96-5F4CCBB4688A}.Debug|Any CPU.ActiveCfg = Debug|Any CPU
		{187F9734-9651-4CF6-AF96-5F4CCBB4688A}.Debug|Any CPU.Build.0 = Debug|Any CPU
		{187F9734-9651-4CF6-AF96-5F4CCBB4688A}.Release|Any CPU.ActiveCfg = Release|Any CPU
		{187F9734-9651-4CF6-AF96-5F4CCBB4688A}.Release|Any CPU.Build.0 = Release|Any CPU
	EndGlobalSection
	GlobalSection(SolutionProperties) = preSolution
		HideSolutionNode = FALSE
	EndGlobalSection
	GlobalSection(ExtensibilityGlobals) = postSolution
		SolutionGuid = {D60DF8E6-00E6-423C-9D24-58F8E476D1A3}
	EndGlobalSection
EndGlobal
