
Microsoft Visual Studio Solution File, Format Version 12.00
# Visual Studio 15
VisualStudioVersion = 15.0.28010.2050
MinimumVisualStudioVersion = 10.0.40219.1
Project("{FAE04EC0-301F-11D3-BF4B-00C04F79EFBC}") = "WpfApp1", "WpfApp1\WpfApp1.csproj", "{EE92A79D-4481-4E5D-BECB-2E07BAD79649}"
EndProject
Global
	GlobalSection(SolutionConfigurationPlatforms) = preSolution
		Debug|Any CPU = Debug|Any CPU
		Release|Any CPU = Release|Any CPU
	EndGlobalSection
	GlobalSection(ProjectConfigurationPlatforms) = postSolution
		{EE92A79D-4481-4E5D-BECB-2E07BAD79649}.Debug|Any CPU.ActiveCfg = Debug|Any CPU
		{EE92A79D-4481-4E5D-BECB-2E07BAD79649}.Debug|Any CPU.Build.0 = Debug|Any CPU
		{EE92A79D-4481-4E5D-BECB-2E07BAD79649}.Release|Any CPU.ActiveCfg = Release|Any CPU
		{EE92A79D-4481-4E5D-BECB-2E07BAD79649}.Release|Any CPU.Build.0 = Release|Any CPU
	EndGlobalSection
	GlobalSection(SolutionProperties) = preSolution
		HideSolutionNode = FALSE
	EndGlobalSection
	GlobalSection(ExtensibilityGlobals) = postSolution
		SolutionGuid = {0B2532A5-99DC-4A1B-900A-CEB911E4AB35}
	EndGlobalSection
EndGlobal
